
Microsoft Visual Studio Solution File, Format Version 12.00
# Visual Studio Version 17
VisualStudioVersion = 17.1.32210.238
MinimumVisualStudioVersion = 10.0.40219.1
Project("{FAE04EC0-301F-11D3-BF4B-00C04F79EFBC}") = "Ex1-6", "Ex1-6.csproj", "{023F2D2B-1573-4186-A7F9-0E2D0E9F42D8}"
EndProject
Global
	GlobalSection(SolutionConfigurationPlatforms) = preSolution
		Debug|Any CPU = Debug|Any CPU
		Release|Any CPU = Release|Any CPU
	EndGlobalSection
	GlobalSection(ProjectConfigurationPlatforms) = postSolution
		{023F2D2B-1573-4186-A7F9-0E2D0E9F42D8}.Debug|Any CPU.ActiveCfg = Debug|Any CPU
		{023F2D2B-1573-4186-A7F9-0E2D0E9F42D8}.Debug|Any CPU.Build.0 = Debug|Any CPU
		{023F2D2B-1573-4186-A7F9-0E2D0E9F42D8}.Release|Any CPU.ActiveCfg = Release|Any CPU
		{023F2D2B-1573-4186-A7F9-0E2D0E9F42D8}.Release|Any CPU.Build.0 = Release|Any CPU
	EndGlobalSection
	GlobalSection(SolutionProperties) = preSolution
		HideSolutionNode = FALSE
	EndGlobalSection
	GlobalSection(ExtensibilityGlobals) = postSolution
		SolutionGuid = {87CC17A0-2F2F-41BF-BB57-81061B549CD5}
	EndGlobalSection
EndGlobal
