
Microsoft Visual Studio Solution File, Format Version 12.00
# Visual Studio Version 17
VisualStudioVersion = 17.1.32210.238
MinimumVisualStudioVersion = 10.0.40219.1
Project("{FAE04EC0-301F-11D3-BF4B-00C04F79EFBC}") = "Ex4", "Ex4.csproj", "{B186015D-BEE4-4AF7-BB28-9FE9CD9597D0}"
EndProject
Global
	GlobalSection(SolutionConfigurationPlatforms) = preSolution
		Debug|Any CPU = Debug|Any CPU
		Release|Any CPU = Release|Any CPU
	EndGlobalSection
	GlobalSection(ProjectConfigurationPlatforms) = postSolution
		{B186015D-BEE4-4AF7-BB28-9FE9CD9597D0}.Debug|Any CPU.ActiveCfg = Debug|Any CPU
		{B186015D-BEE4-4AF7-BB28-9FE9CD9597D0}.Debug|Any CPU.Build.0 = Debug|Any CPU
		{B186015D-BEE4-4AF7-BB28-9FE9CD9597D0}.Release|Any CPU.ActiveCfg = Release|Any CPU
		{B186015D-BEE4-4AF7-BB28-9FE9CD9597D0}.Release|Any CPU.Build.0 = Release|Any CPU
	EndGlobalSection
	GlobalSection(SolutionProperties) = preSolution
		HideSolutionNode = FALSE
	EndGlobalSection
	GlobalSection(ExtensibilityGlobals) = postSolution
		SolutionGuid = {88C0B7B2-9D71-4697-AED4-9C60F7424CEC}
	EndGlobalSection
EndGlobal
